
Microsoft Visual Studio Solution File, Format Version 10.00
# Visual Studio 2008
Project("{D183A3D8-5FD8-494B-B014-37F57B35E655}") = "TransferAudit", "TransferAudit.dtproj", "{422BC9E3-F383-4C54-AE35-D1F49AA21ED6}"
EndProject
Global
	GlobalSection(SolutionConfigurationPlatforms) = preSolution
		Development|Default = Development|Default
	EndGlobalSection
	GlobalSection(ProjectConfigurationPlatforms) = postSolution
		{422BC9E3-F383-4C54-AE35-D1F49AA21ED6}.Development|Default.ActiveCfg = Development
		{422BC9E3-F383-4C54-AE35-D1F49AA21ED6}.Development|Default.Build.0 = Development
	EndGlobalSection
	GlobalSection(SolutionProperties) = preSolution
		HideSolutionNode = FALSE
	EndGlobalSection
EndGlobal
