
Microsoft Visual Studio Solution File, Format Version 10.00
# Visual Studio 2008
Project("{D183A3D8-5FD8-494B-B014-37F57B35E655}") = "TransferAudit", "TransferAudit.dtproj", "{CFC28A6B-548F-43BA-A8AB-67258202CCFF}"
EndProject
Global
	GlobalSection(SolutionConfigurationPlatforms) = preSolution
		Development|Default = Development|Default
	EndGlobalSection
	GlobalSection(ProjectConfigurationPlatforms) = postSolution
		{CFC28A6B-548F-43BA-A8AB-67258202CCFF}.Development|Default.ActiveCfg = Development
		{CFC28A6B-548F-43BA-A8AB-67258202CCFF}.Development|Default.Build.0 = Development
	EndGlobalSection
	GlobalSection(SolutionProperties) = preSolution
		HideSolutionNode = FALSE
	EndGlobalSection
EndGlobal
